
Microsoft Visual Studio Solution File, Format Version 12.00
# Visual Studio 16
Project("{FAE04EC0-301F-11D3-BF4B-00C04F79EFBC}") = "Assembly-CSharp", "Assembly-CSharp.csproj", "{A5E51EF1-C51E-A666-9CD7-07D2F27B0F6B}"
EndProject
Project("{FAE04EC0-301F-11D3-BF4B-00C04F79EFBC}") = "Assembly-CSharp-Editor", "Assembly-CSharp-Editor.csproj", "{4802502A-C69D-CD3F-8CB2-74DB5ACC1B29}"
EndProject
Global
	GlobalSection(SolutionConfigurationPlatforms) = preSolution
		Debug|Any CPU = Debug|Any CPU
		Release|Any CPU = Release|Any CPU
	EndGlobalSection
	GlobalSection(ProjectConfigurationPlatforms) = postSolution
		{A5E51EF1-C51E-A666-9CD7-07D2F27B0F6B}.Debug|Any CPU.ActiveCfg = Debug|Any CPU
		{A5E51EF1-C51E-A666-9CD7-07D2F27B0F6B}.Debug|Any CPU.Build.0 = Debug|Any CPU
		{A5E51EF1-C51E-A666-9CD7-07D2F27B0F6B}.Release|Any CPU.ActiveCfg = Release|Any CPU
		{A5E51EF1-C51E-A666-9CD7-07D2F27B0F6B}.Release|Any CPU.Build.0 = Release|Any CPU
		{4802502A-C69D-CD3F-8CB2-74DB5ACC1B29}.Debug|Any CPU.ActiveCfg = Debug|Any CPU
		{4802502A-C69D-CD3F-8CB2-74DB5ACC1B29}.Debug|Any CPU.Build.0 = Debug|Any CPU
		{4802502A-C69D-CD3F-8CB2-74DB5ACC1B29}.Release|Any CPU.ActiveCfg = Release|Any CPU
		{4802502A-C69D-CD3F-8CB2-74DB5ACC1B29}.Release|Any CPU.Build.0 = Release|Any CPU
	EndGlobalSection
	GlobalSection(SolutionProperties) = preSolution
		HideSolutionNode = FALSE
	EndGlobalSection
EndGlobal
